packages:
- package: tnightengale/dbt_meta_testing
  version: 0.3.6
- package: dbt-labs/dbt_project_evaluator
  version: 0.8.1
- package: dbt-labs/audit_helper
  version: 0.9.0
- package: calogica/dbt_expectations
  version: 0.9.0
- package: dbt-labs/dbt_utils
  version: 1.1.1
- package: calogica/dbt_date
  version: 0.8.1
sha1_hash: 70fdc2f9045495b0d02b6d527d75cf2d10584f5a
